
Microsoft Visual Studio Solution File, Format Version 12.00
# Visual Studio Version 17
VisualStudioVersion = 17.0.31903.59
MinimumVisualStudioVersion = 10.0.40219.1
Project("{2150E333-8FDC-42A3-9474-1A3956D46DE8}") = "src", "src", "{FE814D23-8344-4CB2-B296-4636BD4C3C27}"
EndProject
Project("{FAE04EC0-301F-11D3-BF4B-00C04F79EFBC}") = "CfSharp.Native", "src\CfSharp.Native\CfSharp.Native.csproj", "{DD4B3D15-D981-4A0C-8743-C336CB2AC1C8}"
EndProject
Project("{FAE04EC0-301F-11D3-BF4B-00C04F79EFBC}") = "CfSharp", "src\CfSharp\CfSharp.csproj", "{8170BB31-3D9A-4772-A87B-F1A8290A8A44}"
EndProject
Project("{2150E333-8FDC-42A3-9474-1A3956D46DE8}") = "tests", "tests", "{41CF8512-7AE9-4CC1-ABD8-3D33712F491D}"
EndProject
Project("{FAE04EC0-301F-11D3-BF4B-00C04F79EFBC}") = "CfSharp.Native.Tests", "tests\CfSharp.Native.Tests\CfSharp.Native.Tests.csproj", "{AF7AD571-C9C9-4897-818F-9D0F18D9BDE2}"
EndProject
Project("{FAE04EC0-301F-11D3-BF4B-00C04F79EFBC}") = "CfSharp.Tests", "tests\CfSharp.Tests\CfSharp.Tests.csproj", "{84345E70-629A-4085-A7AF-71E44B8732BF}"
EndProject
Project("{FAE04EC0-301F-11D3-BF4B-00C04F79EFBC}") = "CfSharp.IntegrationTests", "tests\CfSharp.IntegrationTests\CfSharp.IntegrationTests.csproj", "{07E53CD9-7E4C-440F-BEE4-29BA089D7B14}"
EndProject
Project("{2150E333-8FDC-42A3-9474-1A3956D46DE8}") = "samples", "samples", "{D77F3EDF-76F1-476E-9DD8-9E1C5BB061D7}"
EndProject
Project("{FAE04EC0-301F-11D3-BF4B-00C04F79EFBC}") = "CfSharp.SampleProvider", "samples\CfSharp.SampleProvider\CfSharp.SampleProvider.csproj", "{0EF8C1DE-777E-4AEB-9EEA-87D0A0A57CC6}"
EndProject
Project("{FAE04EC0-301F-11D3-BF4B-00C04F79EFBC}") = "CfSharp.Storage.Sqlite", "src\CfSharp.Storage.Sqlite\CfSharp.Storage.Sqlite.csproj", "{5937ECF3-77CB-4295-8DA1-546EEEE32D86}"
EndProject
Project("{FAE04EC0-301F-11D3-BF4B-00C04F79EFBC}") = "CfSharp.Storage.Sqlite.Tests", "tests\CfSharp.Storage.Sqlite.Tests\CfSharp.Storage.Sqlite.Tests.csproj", "{4494604B-6FB3-41C8-BB12-99A22FD9F6EA}"
EndProject
Project("{FAE04EC0-301F-11D3-BF4B-00C04F79EFBC}") = "CfSharp.SampleProvider.Tests", "tests\CfSharp.SampleProvider.Tests\CfSharp.SampleProvider.Tests.csproj", "{EAD4A29D-7C72-4D0B-BE4E-76C02C7D3D18}"
EndProject
Project("{FAE04EC0-301F-11D3-BF4B-00C04F79EFBC}") = "CfSharp.Storage.Sqlite.CrashHarness", "tests\CfSharp.Storage.Sqlite.CrashHarness\CfSharp.Storage.Sqlite.CrashHarness.csproj", "{05EFE0E4-67CC-41A5-80EB-A076137A22E6}"
EndProject
Global
	GlobalSection(SolutionConfigurationPlatforms) = preSolution
		Debug|Any CPU = Debug|Any CPU
		Debug|x64 = Debug|x64
		Debug|x86 = Debug|x86
		Release|Any CPU = Release|Any CPU
		Release|x64 = Release|x64
		Release|x86 = Release|x86
	EndGlobalSection
	GlobalSection(ProjectConfigurationPlatforms) = postSolution
		{DD4B3D15-D981-4A0C-8743-C336CB2AC1C8}.Debug|Any CPU.ActiveCfg = Debug|Any CPU
		{DD4B3D15-D981-4A0C-8743-C336CB2AC1C8}.Debug|Any CPU.Build.0 = Debug|Any CPU
		{DD4B3D15-D981-4A0C-8743-C336CB2AC1C8}.Debug|x64.ActiveCfg = Debug|Any CPU
		{DD4B3D15-D981-4A0C-8743-C336CB2AC1C8}.Debug|x64.Build.0 = Debug|Any CPU
		{DD4B3D15-D981-4A0C-8743-C336CB2AC1C8}.Debug|x86.ActiveCfg = Debug|Any CPU
		{DD4B3D15-D981-4A0C-8743-C336CB2AC1C8}.Debug|x86.Build.0 = Debug|Any CPU
		{DD4B3D15-D981-4A0C-8743-C336CB2AC1C8}.Release|Any CPU.ActiveCfg = Release|Any CPU
		{DD4B3D15-D981-4A0C-8743-C336CB2AC1C8}.Release|Any CPU.Build.0 = Release|Any CPU
		{DD4B3D15-D981-4A0C-8743-C336CB2AC1C8}.Release|x64.ActiveCfg = Release|Any CPU
		{DD4B3D15-D981-4A0C-8743-C336CB2AC1C8}.Release|x64.Build.0 = Release|Any CPU
		{DD4B3D15-D981-4A0C-8743-C336CB2AC1C8}.Release|x86.ActiveCfg = Release|Any CPU
		{DD4B3D15-D981-4A0C-8743-C336CB2AC1C8}.Release|x86.Build.0 = Release|Any CPU
		{8170BB31-3D9A-4772-A87B-F1A8290A8A44}.Debug|Any CPU.ActiveCfg = Debug|Any CPU
		{8170BB31-3D9A-4772-A87B-F1A8290A8A44}.Debug|Any CPU.Build.0 = Debug|Any CPU
		{8170BB31-3D9A-4772-A87B-F1A8290A8A44}.Debug|x64.ActiveCfg = Debug|Any CPU
		{8170BB31-3D9A-4772-A87B-F1A8290A8A44}.Debug|x64.Build.0 = Debug|Any CPU
		{8170BB31-3D9A-4772-A87B-F1A8290A8A44}.Debug|x86.ActiveCfg = Debug|Any CPU
		{8170BB31-3D9A-4772-A87B-F1A8290A8A44}.Debug|x86.Build.0 = Debug|Any CPU
		{8170BB31-3D9A-4772-A87B-F1A8290A8A44}.Release|Any CPU.ActiveCfg = Release|Any CPU
		{8170BB31-3D9A-4772-A87B-F1A8290A8A44}.Release|Any CPU.Build.0 = Release|Any CPU
		{8170BB31-3D9A-4772-A87B-F1A8290A8A44}.Release|x64.ActiveCfg = Release|Any CPU
		{8170BB31-3D9A-4772-A87B-F1A8290A8A44}.Release|x64.Build.0 = Release|Any CPU
		{8170BB31-3D9A-4772-A87B-F1A8290A8A44}.Release|x86.ActiveCfg = Release|Any CPU
		{8170BB31-3D9A-4772-A87B-F1A8290A8A44}.Release|x86.Build.0 = Release|Any CPU
		{AF7AD571-C9C9-4897-818F-9D0F18D9BDE2}.Debug|Any CPU.ActiveCfg = Debug|Any CPU
		{AF7AD571-C9C9-4897-818F-9D0F18D9BDE2}.Debug|Any CPU.Build.0 = Debug|Any CPU
		{AF7AD571-C9C9-4897-818F-9D0F18D9BDE2}.Debug|x64.ActiveCfg = Debug|Any CPU
		{AF7AD571-C9C9-4897-818F-9D0F18D9BDE2}.Debug|x64.Build.0 = Debug|Any CPU
		{AF7AD571-C9C9-4897-818F-9D0F18D9BDE2}.Debug|x86.ActiveCfg = Debug|Any CPU
		{AF7AD571-C9C9-4897-818F-9D0F18D9BDE2}.Debug|x86.Build.0 = Debug|Any CPU
		{AF7AD571-C9C9-4897-818F-9D0F18D9BDE2}.Release|Any CPU.ActiveCfg = Release|Any CPU
		{AF7AD571-C9C9-4897-818F-9D0F18D9BDE2}.Release|Any CPU.Build.0 = Release|Any CPU
		{AF7AD571-C9C9-4897-818F-9D0F18D9BDE2}.Release|x64.ActiveCfg = Release|Any CPU
		{AF7AD571-C9C9-4897-818F-9D0F18D9BDE2}.Release|x64.Build.0 = Release|Any CPU
		{AF7AD571-C9C9-4897-818F-9D0F18D9BDE2}.Release|x86.ActiveCfg = Release|Any CPU
		{AF7AD571-C9C9-4897-818F-9D0F18D9BDE2}.Release|x86.Build.0 = Release|Any CPU
		{84345E70-629A-4085-A7AF-71E44B8732BF}.Debug|Any CPU.ActiveCfg = Debug|Any CPU
		{84345E70-629A-4085-A7AF-71E44B8732BF}.Debug|Any CPU.Build.0 = Debug|Any CPU
		{84345E70-629A-4085-A7AF-71E44B8732BF}.Debug|x64.ActiveCfg = Debug|Any CPU
		{84345E70-629A-4085-A7AF-71E44B8732BF}.Debug|x64.Build.0 = Debug|Any CPU
		{84345E70-629A-4085-A7AF-71E44B8732BF}.Debug|x86.ActiveCfg = Debug|Any CPU
		{84345E70-629A-4085-A7AF-71E44B8732BF}.Debug|x86.Build.0 = Debug|Any CPU
		{84345E70-629A-4085-A7AF-71E44B8732BF}.Release|Any CPU.ActiveCfg = Release|Any CPU
		{84345E70-629A-4085-A7AF-71E44B8732BF}.Release|Any CPU.Build.0 = Release|Any CPU
		{84345E70-629A-4085-A7AF-71E44B8732BF}.Release|x64.ActiveCfg = Release|Any CPU
		{84345E70-629A-4085-A7AF-71E44B8732BF}.Release|x64.Build.0 = Release|Any CPU
		{84345E70-629A-4085-A7AF-71E44B8732BF}.Release|x86.ActiveCfg = Release|Any CPU
		{84345E70-629A-4085-A7AF-71E44B8732BF}.Release|x86.Build.0 = Release|Any CPU
		{07E53CD9-7E4C-440F-BEE4-29BA089D7B14}.Debug|Any CPU.ActiveCfg = Debug|Any CPU
		{07E53CD9-7E4C-440F-BEE4-29BA089D7B14}.Debug|Any CPU.Build.0 = Debug|Any CPU
		{07E53CD9-7E4C-440F-BEE4-29BA089D7B14}.Debug|x64.ActiveCfg = Debug|Any CPU
		{07E53CD9-7E4C-440F-BEE4-29BA089D7B14}.Debug|x64.Build.0 = Debug|Any CPU
		{07E53CD9-7E4C-440F-BEE4-29BA089D7B14}.Debug|x86.ActiveCfg = Debug|Any CPU
		{07E53CD9-7E4C-440F-BEE4-29BA089D7B14}.Debug|x86.Build.0 = Debug|Any CPU
		{07E53CD9-7E4C-440F-BEE4-29BA089D7B14}.Release|Any CPU.ActiveCfg = Release|Any CPU
		{07E53CD9-7E4C-440F-BEE4-29BA089D7B14}.Release|Any CPU.Build.0 = Release|Any CPU
		{07E53CD9-7E4C-440F-BEE4-29BA089D7B14}.Release|x64.ActiveCfg = Release|Any CPU
		{07E53CD9-7E4C-440F-BEE4-29BA089D7B14}.Release|x64.Build.0 = Release|Any CPU
		{07E53CD9-7E4C-440F-BEE4-29BA089D7B14}.Release|x86.ActiveCfg = Release|Any CPU
		{07E53CD9-7E4C-440F-BEE4-29BA089D7B14}.Release|x86.Build.0 = Release|Any CPU
		{0EF8C1DE-777E-4AEB-9EEA-87D0A0A57CC6}.Debug|Any CPU.ActiveCfg = Debug|Any CPU
		{0EF8C1DE-777E-4AEB-9EEA-87D0A0A57CC6}.Debug|Any CPU.Build.0 = Debug|Any CPU
		{0EF8C1DE-777E-4AEB-9EEA-87D0A0A57CC6}.Debug|x64.ActiveCfg = Debug|Any CPU
		{0EF8C1DE-777E-4AEB-9EEA-87D0A0A57CC6}.Debug|x64.Build.0 = Debug|Any CPU
		{0EF8C1DE-777E-4AEB-9EEA-87D0A0A57CC6}.Debug|x86.ActiveCfg = Debug|Any CPU
		{0EF8C1DE-777E-4AEB-9EEA-87D0A0A57CC6}.Debug|x86.Build.0 = Debug|Any CPU
		{0EF8C1DE-777E-4AEB-9EEA-87D0A0A57CC6}.Release|Any CPU.ActiveCfg = Release|Any CPU
		{0EF8C1DE-777E-4AEB-9EEA-87D0A0A57CC6}.Release|Any CPU.Build.0 = Release|Any CPU
		{0EF8C1DE-777E-4AEB-9EEA-87D0A0A57CC6}.Release|x64.ActiveCfg = Release|Any CPU
		{0EF8C1DE-777E-4AEB-9EEA-87D0A0A57CC6}.Release|x64.Build.0 = Release|Any CPU
		{0EF8C1DE-777E-4AEB-9EEA-87D0A0A57CC6}.Release|x86.ActiveCfg = Release|Any CPU
		{0EF8C1DE-777E-4AEB-9EEA-87D0A0A57CC6}.Release|x86.Build.0 = Release|Any CPU
		{5937ECF3-77CB-4295-8DA1-546EEEE32D86}.Debug|Any CPU.ActiveCfg = Debug|Any CPU
		{5937ECF3-77CB-4295-8DA1-546EEEE32D86}.Debug|Any CPU.Build.0 = Debug|Any CPU
		{5937ECF3-77CB-4295-8DA1-546EEEE32D86}.Debug|x64.ActiveCfg = Debug|Any CPU
		{5937ECF3-77CB-4295-8DA1-546EEEE32D86}.Debug|x64.Build.0 = Debug|Any CPU
		{5937ECF3-77CB-4295-8DA1-546EEEE32D86}.Debug|x86.ActiveCfg = Debug|Any CPU
		{5937ECF3-77CB-4295-8DA1-546EEEE32D86}.Debug|x86.Build.0 = Debug|Any CPU
		{5937ECF3-77CB-4295-8DA1-546EEEE32D86}.Release|Any CPU.ActiveCfg = Release|Any CPU
		{5937ECF3-77CB-4295-8DA1-546EEEE32D86}.Release|Any CPU.Build.0 = Release|Any CPU
		{5937ECF3-77CB-4295-8DA1-546EEEE32D86}.Release|x64.ActiveCfg = Release|Any CPU
		{5937ECF3-77CB-4295-8DA1-546EEEE32D86}.Release|x64.Build.0 = Release|Any CPU
		{5937ECF3-77CB-4295-8DA1-546EEEE32D86}.Release|x86.ActiveCfg = Release|Any CPU
		{5937ECF3-77CB-4295-8DA1-546EEEE32D86}.Release|x86.Build.0 = Release|Any CPU
		{4494604B-6FB3-41C8-BB12-99A22FD9F6EA}.Debug|Any CPU.ActiveCfg = Debug|Any CPU
		{4494604B-6FB3-41C8-BB12-99A22FD9F6EA}.Debug|Any CPU.Build.0 = Debug|Any CPU
		{4494604B-6FB3-41C8-BB12-99A22FD9F6EA}.Debug|x64.ActiveCfg = Debug|Any CPU
		{4494604B-6FB3-41C8-BB12-99A22FD9F6EA}.Debug|x64.Build.0 = Debug|Any CPU
		{4494604B-6FB3-41C8-BB12-99A22FD9F6EA}.Debug|x86.ActiveCfg = Debug|Any CPU
		{4494604B-6FB3-41C8-BB12-99A22FD9F6EA}.Debug|x86.Build.0 = Debug|Any CPU
		{4494604B-6FB3-41C8-BB12-99A22FD9F6EA}.Release|Any CPU.ActiveCfg = Release|Any CPU
		{4494604B-6FB3-41C8-BB12-99A22FD9F6EA}.Release|Any CPU.Build.0 = Release|Any CPU
		{4494604B-6FB3-41C8-BB12-99A22FD9F6EA}.Release|x64.ActiveCfg = Release|Any CPU
		{4494604B-6FB3-41C8-BB12-99A22FD9F6EA}.Release|x64.Build.0 = Release|Any CPU
		{4494604B-6FB3-41C8-BB12-99A22FD9F6EA}.Release|x86.ActiveCfg = Release|Any CPU
		{4494604B-6FB3-41C8-BB12-99A22FD9F6EA}.Release|x86.Build.0 = Release|Any CPU
		{EAD4A29D-7C72-4D0B-BE4E-76C02C7D3D18}.Debug|Any CPU.ActiveCfg = Debug|Any CPU
		{EAD4A29D-7C72-4D0B-BE4E-76C02C7D3D18}.Debug|Any CPU.Build.0 = Debug|Any CPU
		{EAD4A29D-7C72-4D0B-BE4E-76C02C7D3D18}.Debug|x64.ActiveCfg = Debug|Any CPU
		{EAD4A29D-7C72-4D0B-BE4E-76C02C7D3D18}.Debug|x64.Build.0 = Debug|Any CPU
		{EAD4A29D-7C72-4D0B-BE4E-76C02C7D3D18}.Debug|x86.ActiveCfg = Debug|Any CPU
		{EAD4A29D-7C72-4D0B-BE4E-76C02C7D3D18}.Debug|x86.Build.0 = Debug|Any CPU
		{EAD4A29D-7C72-4D0B-BE4E-76C02C7D3D18}.Release|Any CPU.ActiveCfg = Release|Any CPU
		{EAD4A29D-7C72-4D0B-BE4E-76C02C7D3D18}.Release|Any CPU.Build.0 = Release|Any CPU
		{EAD4A29D-7C72-4D0B-BE4E-76C02C7D3D18}.Release|x64.ActiveCfg = Release|Any CPU
		{EAD4A29D-7C72-4D0B-BE4E-76C02C7D3D18}.Release|x64.Build.0 = Release|Any CPU
		{EAD4A29D-7C72-4D0B-BE4E-76C02C7D3D18}.Release|x86.ActiveCfg = Release|Any CPU
		{EAD4A29D-7C72-4D0B-BE4E-76C02C7D3D18}.Release|x86.Build.0 = Release|Any CPU
		{05EFE0E4-67CC-41A5-80EB-A076137A22E6}.Debug|Any CPU.ActiveCfg = Debug|Any CPU
		{05EFE0E4-67CC-41A5-80EB-A076137A22E6}.Debug|Any CPU.Build.0 = Debug|Any CPU
		{05EFE0E4-67CC-41A5-80EB-A076137A22E6}.Debug|x64.ActiveCfg = Debug|Any CPU
		{05EFE0E4-67CC-41A5-80EB-A076137A22E6}.Debug|x64.Build.0 = Debug|Any CPU
		{05EFE0E4-67CC-41A5-80EB-A076137A22E6}.Debug|x86.ActiveCfg = Debug|Any CPU
		{05EFE0E4-67CC-41A5-80EB-A076137A22E6}.Debug|x86.Build.0 = Debug|Any CPU
		{05EFE0E4-67CC-41A5-80EB-A076137A22E6}.Release|Any CPU.ActiveCfg = Release|Any CPU
		{05EFE0E4-67CC-41A5-80EB-A076137A22E6}.Release|Any CPU.Build.0 = Release|Any CPU
		{05EFE0E4-67CC-41A5-80EB-A076137A22E6}.Release|x64.ActiveCfg = Release|Any CPU
		{05EFE0E4-67CC-41A5-80EB-A076137A22E6}.Release|x64.Build.0 = Release|Any CPU
		{05EFE0E4-67CC-41A5-80EB-A076137A22E6}.Release|x86.ActiveCfg = Release|Any CPU
		{05EFE0E4-67CC-41A5-80EB-A076137A22E6}.Release|x86.Build.0 = Release|Any CPU
	EndGlobalSection
	GlobalSection(SolutionProperties) = preSolution
		HideSolutionNode = FALSE
	EndGlobalSection
	GlobalSection(NestedProjects) = preSolution
		{DD4B3D15-D981-4A0C-8743-C336CB2AC1C8} = {FE814D23-8344-4CB2-B296-4636BD4C3C27}
		{8170BB31-3D9A-4772-A87B-F1A8290A8A44} = {FE814D23-8344-4CB2-B296-4636BD4C3C27}
		{AF7AD571-C9C9-4897-818F-9D0F18D9BDE2} = {41CF8512-7AE9-4CC1-ABD8-3D33712F491D}
		{84345E70-629A-4085-A7AF-71E44B8732BF} = {41CF8512-7AE9-4CC1-ABD8-3D33712F491D}
		{07E53CD9-7E4C-440F-BEE4-29BA089D7B14} = {41CF8512-7AE9-4CC1-ABD8-3D33712F491D}
		{0EF8C1DE-777E-4AEB-9EEA-87D0A0A57CC6} = {D77F3EDF-76F1-476E-9DD8-9E1C5BB061D7}
		{5937ECF3-77CB-4295-8DA1-546EEEE32D86} = {FE814D23-8344-4CB2-B296-4636BD4C3C27}
		{4494604B-6FB3-41C8-BB12-99A22FD9F6EA} = {41CF8512-7AE9-4CC1-ABD8-3D33712F491D}
		{EAD4A29D-7C72-4D0B-BE4E-76C02C7D3D18} = {41CF8512-7AE9-4CC1-ABD8-3D33712F491D}
		{05EFE0E4-67CC-41A5-80EB-A076137A22E6} = {41CF8512-7AE9-4CC1-ABD8-3D33712F491D}
	EndGlobalSection
EndGlobal
